
Microsoft Visual Studio Solution File, Format Version 12.00
# Visual Studio 2012
Project("{FAE04EC0-301F-11D3-BF4B-00C04F79EFBC}") = "PhantomTest.NET", "PhantomTest.NET\PhantomTest.NET.csproj", "{088D4A85-7CB9-4C4D-86C1-AB289E273F60}"
EndProject
Project("{FAE04EC0-301F-11D3-BF4B-00C04F79EFBC}") = "PhantomTest.NET.NUnit", "PhantomTest.NET.NUnit\PhantomTest.NET.NUnit.csproj", "{5A2296BA-17AA-44B5-BDDA-945F4D22827A}"
EndProject
Project("{FAE04EC0-301F-11D3-BF4B-00C04F79EFBC}") = "PhantomTest.NET.Test", "PhantomTest.NET.Test\PhantomTest.NET.Test.csproj", "{C421EC40-E82F-4F86-B293-1271D78A4EA7}"
EndProjec
Project("{2150E333-8FDC-42A3-9474-1A3956D46DE8}") = ".nuget", ".nuget", "{F92F4340-5257-42AA-8677-82AE97185614}"
	ProjectSection(SolutionItems) = preProject
		.nuget\NuGet.Config = .nuget\NuGet.Config
		.nuget\NuGet.exe = .nuget\NuGet.exe
		.nuget\NuGet.targets = .nuget\NuGet.targets
	EndProjectSection
EndProject
Global
	GlobalSection(SolutionConfigurationPlatforms) = preSolution
		Debug|Any CPU = Debug|Any CPU
		Release|Any CPU = Release|Any CPU
	EndGlobalSection
	GlobalSection(ProjectConfigurationPlatforms) = postSolution
		{088D4A85-7CB9-4C4D-86C1-AB289E273F60}.Debug|Any CPU.ActiveCfg = Debug|Any CPU
		{088D4A85-7CB9-4C4D-86C1-AB289E273F60}.Debug|Any CPU.Build.0 = Debug|Any CPU
		{088D4A85-7CB9-4C4D-86C1-AB289E273F60}.Release|Any CPU.ActiveCfg = Release|Any CPU
		{088D4A85-7CB9-4C4D-86C1-AB289E273F60}.Release|Any CPU.Build.0 = Release|Any CPU
		{5A2296BA-17AA-44B5-BDDA-945F4D22827A}.Debug|Any CPU.ActiveCfg = Debug|Any CPU
		{5A2296BA-17AA-44B5-BDDA-945F4D22827A}.Debug|Any CPU.Build.0 = Debug|Any CPU
		{5A2296BA-17AA-44B5-BDDA-945F4D22827A}.Release|Any CPU.ActiveCfg = Release|Any CPU
		{5A2296BA-17AA-44B5-BDDA-945F4D22827A}.Release|Any CPU.Build.0 = Release|Any CPU
		{C421EC40-E82F-4F86-B293-1271D78A4EA7}.Debug|Any CPU.ActiveCfg = Debug|Any CPU
		{C421EC40-E82F-4F86-B293-1271D78A4EA7}.Debug|Any CPU.Build.0 = Debug|Any CPU
		{C421EC40-E82F-4F86-B293-1271D78A4EA7}.Release|Any CPU.ActiveCfg = Release|Any CPU
		{C421EC40-E82F-4F86-B293-1271D78A4EA7}.Release|Any CPU.Build.0 = Release|Any CPU
	EndGlobalSection
	GlobalSection(SolutionProperties) = preSolution
		HideSolutionNode = FALSE
	EndGlobalSection
EndGlobal
